
Microsoft Visual Studio Solution File, Format Version 12.00
# Visual Studio 2015
Project("{FAE04EC0-301F-11D3-BF4B-00C04F79EFBC}") = "Horde.CSharp", "Horde.CSharp.csproj", "{450C57E5-9597-8625-8CDD-A8F07C8257D3}"
EndProject
Global
	GlobalSection(SolutionConfigurationPlatforms) = preSolution
		Debug|Any CPU = Debug|Any CPU
		Release|Any CPU = Release|Any CPU
	EndGlobalSection
	GlobalSection(ProjectConfigurationPlatforms) = postSolution
		{450C57E5-9597-8625-8CDD-A8F07C8257D3}.Debug|Any CPU.ActiveCfg = Debug|Any CPU
		{450C57E5-9597-8625-8CDD-A8F07C8257D3}.Debug|Any CPU.Build.0 = Debug|Any CPU
		{450C57E5-9597-8625-8CDD-A8F07C8257D3}.Release|Any CPU.ActiveCfg = Release|Any CPU
		{450C57E5-9597-8625-8CDD-A8F07C8257D3}.Release|Any CPU.Build.0 = Release|Any CPU
	EndGlobalSection
	GlobalSection(SolutionProperties) = preSolution
		HideSolutionNode = FALSE
	EndGlobalSection
EndGlobal
