Microsoft Visual Studio Solution File, Format Version 11.00
# Visual Studio 2008

Project("{05D822A4-09E1-A677-E40E-E5AC1DB7A796}") = "Horde", "Assembly-CSharp.csproj", "{0E6D9B44-A5B8-F743-BE7B-0BD66B30698C}"
EndProject
Global
	GlobalSection(SolutionConfigurationPlatforms) = preSolution
		Debug|Any CPU = Debug|Any CPU
		Release|Any CPU = Release|Any CPU
	EndGlobalSection
	GlobalSection(ProjectConfigurationPlatforms) = postSolution
		{0E6D9B44-A5B8-F743-BE7B-0BD66B30698C}.Debug|Any CPU.ActiveCfg = Debug|Any CPU
		{0E6D9B44-A5B8-F743-BE7B-0BD66B30698C}.Debug|Any CPU.Build.0 = Debug|Any CPU
		{0E6D9B44-A5B8-F743-BE7B-0BD66B30698C}.Release|Any CPU.ActiveCfg = Release|Any CPU
		{0E6D9B44-A5B8-F743-BE7B-0BD66B30698C}.Release|Any CPU.Build.0 = Release|Any CPU
	EndGlobalSection
	GlobalSection(SolutionProperties) = preSolution
		HideSolutionNode = FALSE
	EndGlobalSection
	GlobalSection(MonoDevelopProperties) = preSolution
		StartupItem = Assembly-CSharp.csproj
	EndGlobalSection
EndGlobal
