Microsoft Visual Studio Solution File, Format Version 11.00
# Visual Studio 2008

Project("{05D822A4-09E1-A677-E40E-E5AC1DB7A796}") = "Horde", "Assembly-CSharp-firstpass.csproj", "{6054F101-307F-A5E3-BAEA-3B664FB27EB6}"
EndProject
Project("{05D822A4-09E1-A677-E40E-E5AC1DB7A796}") = "Horde", "Assembly-CSharp.csproj", "{0E6D9B44-A5B8-F743-BE7B-0BD66B30698C}"
EndProject
Project("{05D822A4-09E1-A677-E40E-E5AC1DB7A796}") = "Horde", "Assembly-CSharp-Editor.csproj", "{BB2DB36A-603F-CFA6-D945-7A1CA066BDBB}"
EndProject
Global
	GlobalSection(SolutionConfigurationPlatforms) = preSolution
		Debug|Any CPU = Debug|Any CPU
		Release|Any CPU = Release|Any CPU
	EndGlobalSection
	GlobalSection(ProjectConfigurationPlatforms) = postSolution
		{6054F101-307F-A5E3-BAEA-3B664FB27EB6}.Debug|Any CPU.ActiveCfg = Debug|Any CPU
		{6054F101-307F-A5E3-BAEA-3B664FB27EB6}.Debug|Any CPU.Build.0 = Debug|Any CPU
		{6054F101-307F-A5E3-BAEA-3B664FB27EB6}.Release|Any CPU.ActiveCfg = Release|Any CPU
		{6054F101-307F-A5E3-BAEA-3B664FB27EB6}.Release|Any CPU.Build.0 = Release|Any CPU
		{0E6D9B44-A5B8-F743-BE7B-0BD66B30698C}.Debug|Any CPU.ActiveCfg = Debug|Any CPU
		{0E6D9B44-A5B8-F743-BE7B-0BD66B30698C}.Debug|Any CPU.Build.0 = Debug|Any CPU
		{0E6D9B44-A5B8-F743-BE7B-0BD66B30698C}.Release|Any CPU.ActiveCfg = Release|Any CPU
		{0E6D9B44-A5B8-F743-BE7B-0BD66B30698C}.Release|Any CPU.Build.0 = Release|Any CPU
		{BB2DB36A-603F-CFA6-D945-7A1CA066BDBB}.Debug|Any CPU.ActiveCfg = Debug|Any CPU
		{BB2DB36A-603F-CFA6-D945-7A1CA066BDBB}.Debug|Any CPU.Build.0 = Debug|Any CPU
		{BB2DB36A-603F-CFA6-D945-7A1CA066BDBB}.Release|Any CPU.ActiveCfg = Release|Any CPU
		{BB2DB36A-603F-CFA6-D945-7A1CA066BDBB}.Release|Any CPU.Build.0 = Release|Any CPU
	EndGlobalSection
	GlobalSection(SolutionProperties) = preSolution
		HideSolutionNode = FALSE
	EndGlobalSection
	GlobalSection(MonoDevelopProperties) = preSolution
		StartupItem = Assembly-CSharp.csproj
	EndGlobalSection
EndGlobal
