Microsoft Visual Studio Solution File, Format Version 11.00
# Visual Studio 2008

Project("{88283E40-EFF7-AE2F-D086-BCA9AAEFEFCC}") = "Horde Science Facility", "Assembly-CSharp.csproj", "{252E4B15-9F72-8952-DCC0-1430D06E646D}"
EndProject
Global
	GlobalSection(SolutionConfigurationPlatforms) = preSolution
		Debug|Any CPU = Debug|Any CPU
		Release|Any CPU = Release|Any CPU
	EndGlobalSection
	GlobalSection(ProjectConfigurationPlatforms) = postSolution
		{252E4B15-9F72-8952-DCC0-1430D06E646D}.Debug|Any CPU.ActiveCfg = Debug|Any CPU
		{252E4B15-9F72-8952-DCC0-1430D06E646D}.Debug|Any CPU.Build.0 = Debug|Any CPU
		{252E4B15-9F72-8952-DCC0-1430D06E646D}.Release|Any CPU.ActiveCfg = Release|Any CPU
		{252E4B15-9F72-8952-DCC0-1430D06E646D}.Release|Any CPU.Build.0 = Release|Any CPU
	EndGlobalSection
	GlobalSection(SolutionProperties) = preSolution
		HideSolutionNode = FALSE
	EndGlobalSection
	GlobalSection(MonoDevelopProperties) = preSolution
		StartupItem = Assembly-CSharp.csproj
	EndGlobalSection
EndGlobal
